<?xml version="1.0" encoding="UTF-8" standalone="yes" ?>
<CodeBlocks_project_file>
	<FileVersion major="1" minor="6" />
	<Project>
		<Option title="SoftEngine" />
		<Option pch_mode="2" />
		<Option compiler="gcc" />
		<Build>
			<Target title="Debug">
				<Option output="bin/Debug/SoftEngine" prefix_auto="1" extension_auto="1" />
				<Option object_output="obj/Debug/" />
				<Option type="1" />
				<Option compiler="gcc" />
				<Compiler>
					<Add option="-g" />
					<Add directory="src/Core" />
					<Add directory="src/Physics" />
					<Add directory="src/Object" />
					<Add directory="src/Characters" />
					<Add directory="src/Animation" />
					<Add directory="src/Inputs" />
					<Add directory="src/Clock" />
					<Add directory="src/Map" />
					<Add directory="src/Graphics" />
					<Add directory="src/Vendor/TinyXML" />
					<Add directory="src/Camera" />
					<Add directory="src/Collision" />
					<Add directory="src/Factory" />
					<Add directory="src/States" />
					<Add directory="src/GUI" />
					<Add directory="./" />
					<Add directory="src/Particles" />
				</Compiler>
				<Linker>
					<Add option="-Wl,--stack=10240000" />
				</Linker>
			</Target>
			<Target title="Release">
				<Option output="bin/Release/SoftEngine" prefix_auto="1" extension_auto="1" />
				<Option object_output="obj/Release/" />
				<Option type="1" />
				<Option compiler="gcc" />
				<Compiler>
					<Add option="-O2" />
					<Add directory="src/Core" />
					<Add directory="Graphics" />
					<Add directory="src/Physics" />
					<Add directory="src/Object" />
					<Add directory="src/Characters" />
					<Add directory="src/Animation" />
					<Add directory="src/Inputs" />
					<Add directory="src/Clock" />
					<Add directory="Map" />
					<Add directory="src" />
					<Add directory="src/Collision" />
					<Add directory="src/Factory" />
					<Add directory="src/States" />
					<Add directory="./" />
					<Add directory="src/Particles" />
				</Compiler>
				<Linker>
					<Add option="-s" />
				</Linker>
			</Target>
		</Build>
		<Compiler>
			<Add option="-Wall" />
			<Add option="-fexceptions" />
		</Compiler>
		<Unit filename="main.cpp" />
		<Unit filename="src/Animation/Animation.cpp" />
		<Unit filename="src/Animation/Animation.h" />
		<Unit filename="src/Animation/SeqAnimation.cpp" />
		<Unit filename="src/Animation/SeqAnimation.h" />
		<Unit filename="src/Animation/SpriteAnimation.cpp" />
		<Unit filename="src/Animation/SpriteAnimation.h" />
		<Unit filename="src/Camera/Camera.cpp" />
		<Unit filename="src/Camera/Camera.h" />
		<Unit filename="src/Characters/Character.h" />
		<Unit filename="src/Characters/Enemy.cpp" />
		<Unit filename="src/Characters/Enemy.h" />
		<Unit filename="src/Characters/Warrior.cpp" />
		<Unit filename="src/Characters/Warrior.h" />
		<Unit filename="src/Clock/Timer.cpp" />
		<Unit filename="src/Clock/Timer.h" />
		<Unit filename="src/Collision/CollisionHandler.cpp" />
		<Unit filename="src/Collision/CollisionHandler.h" />
		<Unit filename="src/Core/Engine.cpp" />
		<Unit filename="src/Core/Engine.h" />
		<Unit filename="src/Factory/ObjectFactory.cpp" />
		<Unit filename="src/Factory/ObjectFactory.h" />
		<Unit filename="src/GUI/RoundCornerRect.cpp" />
		<Unit filename="src/GUI/RoundCornerRect.h" />
		<Unit filename="src/Graphics/TextureManager.cpp" />
		<Unit filename="src/Graphics/TextureManager.h" />
		<Unit filename="src/Inputs/Input.cpp" />
		<Unit filename="src/Inputs/Input.h" />
		<Unit filename="src/Map/GameMap.h" />
		<Unit filename="src/Map/ImageLayer.cpp" />
		<Unit filename="src/Map/ImageLayer.h" />
		<Unit filename="src/Map/Layer.h" />
		<Unit filename="src/Map/MapParser.cpp" />
		<Unit filename="src/Map/MapParser.h" />
		<Unit filename="src/Map/TileLayer.cpp" />
		<Unit filename="src/Map/TileLayer.h" />
		<Unit filename="src/Object/GameObject.h" />
		<Unit filename="src/Object/IObject.h" />
		<Unit filename="src/Particles/Particle.h" />
		<Unit filename="src/Physics/Collider.h" />
		<Unit filename="src/Physics/Point.h" />
		<Unit filename="src/Physics/RigidBody.h" />
		<Unit filename="src/Physics/Transform.h" />
		<Unit filename="src/Physics/Vector2D.h" />
		<Unit filename="src/States/GameState.h" />
		<Unit filename="src/States/Menu.cpp" />
		<Unit filename="src/States/Menu.h" />
		<Unit filename="src/States/Play.cpp" />
		<Unit filename="src/States/Play.h" />
		<Unit filename="src/Vendor/TinyXML/tinystr.cpp" />
		<Unit filename="src/Vendor/TinyXML/tinystr.h" />
		<Unit filename="src/Vendor/TinyXML/tinyxml.cpp" />
		<Unit filename="src/Vendor/TinyXML/tinyxml.h" />
		<Unit filename="src/Vendor/TinyXML/tinyxmlerror.cpp" />
		<Unit filename="src/Vendor/TinyXML/tinyxmlparser.cpp" />
		<Extensions>
			<lib_finder disable_auto="1" />
		</Extensions>
	</Project>
</CodeBlocks_project_file>
